
Microsoft Visual Studio Solution File, Format Version 11.00
# Visual Studio 2010
Project("{FAE04EC0-301F-11D3-BF4B-00C04F79EFBC}") = "VuforiaScripts", "VuforiaScripts.csproj", "{3D348723-72FD-57AE-75B1-CDE2F9828E5C}"
EndProject
Project("{FAE04EC0-301F-11D3-BF4B-00C04F79EFBC}") = "VuforiaEditorScripts", "VuforiaEditorScripts.csproj", "{2C066B59-70EE-78D9-3781-FC2F633968F7}"
EndProject
Global
	GlobalSection(SolutionConfigurationPlatforms) = preSolution
		Debug|Any CPU = Debug|Any CPU
		Release|Any CPU = Release|Any CPU
	EndGlobalSection
	GlobalSection(ProjectConfigurationPlatforms) = postSolution
		{3D348723-72FD-57AE-75B1-CDE2F9828E5C}.Debug|Any CPU.ActiveCfg = Debug|Any CPU
		{3D348723-72FD-57AE-75B1-CDE2F9828E5C}.Debug|Any CPU.Build.0 = Debug|Any CPU
		{3D348723-72FD-57AE-75B1-CDE2F9828E5C}.Release|Any CPU.ActiveCfg = Release|Any CPU
		{3D348723-72FD-57AE-75B1-CDE2F9828E5C}.Release|Any CPU.Build.0 = Release|Any CPU
		{2C066B59-70EE-78D9-3781-FC2F633968F7}.Debug|Any CPU.ActiveCfg = Debug|Any CPU
		{2C066B59-70EE-78D9-3781-FC2F633968F7}.Debug|Any CPU.Build.0 = Debug|Any CPU
		{2C066B59-70EE-78D9-3781-FC2F633968F7}.Release|Any CPU.ActiveCfg = Release|Any CPU
		{2C066B59-70EE-78D9-3781-FC2F633968F7}.Release|Any CPU.Build.0 = Release|Any CPU
	EndGlobalSection
	GlobalSection(SolutionProperties) = preSolution
		HideSolutionNode = FALSE
	EndGlobalSection
	GlobalSection(MonoDevelopProperties) = preSolution
		StartupItem = Assembly-CSharp.csproj
	EndGlobalSection
EndGlobal
